{
  "name": "json-schema-generator",
  "version": "0.1.0",
  "dependencies": {
    "json-promise": {
      "version": "1.1.8",
      "from": "json-promise@1.1.8",
      "dependencies": {
        "bluebird": {
          "version": "2.2.2",
          "from": "http://registry.npmjs.org/bluebird/-/bluebird-2.2.2.tgz",
          "resolved": "http://registry.npmjs.org/bluebird/-/bluebird-2.2.2.tgz"
        }
      }
    },
    "mkdirp": {
      "version": "0.5.0",
      "from": "http://registry.npmjs.org/mkdirp/-/mkdirp-0.5.0.tgz",
      "resolved": "http://registry.npmjs.org/mkdirp/-/mkdirp-0.5.0.tgz",
      "dependencies": {
        "minimist": {
          "version": "0.0.8",
          "from": "http://registry.npmjs.org/minimist/-/minimist-0.0.8.tgz",
          "resolved": "http://registry.npmjs.org/minimist/-/minimist-0.0.8.tgz"
        }
      }
    },
    "optimist": {
      "version": "0.6.1",
      "from": "optimist@0.6.1",
      "resolved": "http://registry.npmjs.org/optimist/-/optimist-0.6.1.tgz",
      "dependencies": {
        "wordwrap": {
          "version": "0.0.2",
          "from": "http://npm-registry01.prd.nytimes.com/wordwrap/-/wordwrap-0.0.2.tgz",
          "resolved": "http://npm-registry01.prd.nytimes.com/wordwrap/-/wordwrap-0.0.2.tgz"
        },
        "minimist": {
          "version": "0.0.10",
          "from": "minimist@0.0.10",
          "resolved": "http://registry.npmjs.org/minimist/-/minimist-0.0.10.tgz"
        }
      }
    },
    "request": {
      "version": "2.47.0",
      "from": "http://registry.npmjs.org/request/-/request-2.47.0.tgz",
      "resolved": "http://registry.npmjs.org/request/-/request-2.47.0.tgz",
      "dependencies": {
        "bl": {
          "version": "0.9.3",
          "from": "bl@0.9.3",
          "dependencies": {
            "readable-stream": {
              "version": "1.0.33",
              "from": "http://registry.npmjs.org/readable-stream/-/readable-stream-1.0.33.tgz",
              "resolved": "http://registry.npmjs.org/readable-stream/-/readable-stream-1.0.33.tgz",
              "dependencies": {
                "core-util-is": {
                  "version": "1.0.1",
                  "from": "core-util-is@1.0.1"
                },
                "isarray": {
                  "version": "0.0.1",
                  "from": "http://registry.npmjs.org/isarray/-/isarray-0.0.1.tgz",
                  "resolved": "http://registry.npmjs.org/isarray/-/isarray-0.0.1.tgz"
                },
                "string_decoder": {
                  "version": "0.10.31",
                  "from": "string_decoder@0.10.31"
                },
                "inherits": {
                  "version": "2.0.1",
                  "from": "inherits@2.0.1"
                }
              }
            }
          }
        },
        "caseless": {
          "version": "0.6.0",
          "from": "caseless@0.6.0",
          "resolved": "http://registry.npmjs.org/caseless/-/caseless-0.6.0.tgz"
        },
        "forever-agent": {
          "version": "0.5.2",
          "from": "forever-agent@0.5.2"
        },
        "form-data": {
          "version": "0.1.4",
          "from": "form-data@0.1.4",
          "dependencies": {
            "mime": {
              "version": "1.2.11",
              "from": "http://registry.npmjs.org/mime/-/mime-1.2.11.tgz",
              "resolved": "http://registry.npmjs.org/mime/-/mime-1.2.11.tgz"
            },
            "async": {
              "version": "0.9.0",
              "from": "async@0.9.0",
              "resolved": "http://registry.npmjs.org/async/-/async-0.9.0.tgz"
            }
          }
        },
        "json-stringify-safe": {
          "version": "5.0.0",
          "from": "json-stringify-safe@5.0.0",
          "resolved": "http://registry.npmjs.org/json-stringify-safe/-/json-stringify-safe-5.0.0.tgz"
        },
        "mime-types": {
          "version": "1.0.2",
          "from": "mime-types@1.0.2"
        },
        "node-uuid": {
          "version": "1.4.1",
          "from": "node-uuid@1.4.1",
          "resolved": "http://registry.npmjs.org/node-uuid/-/node-uuid-1.4.1.tgz"
        },
        "qs": {
          "version": "2.3.1",
          "from": "http://registry.npmjs.org/qs/-/qs-2.3.1.tgz",
          "resolved": "http://registry.npmjs.org/qs/-/qs-2.3.1.tgz"
        },
        "tunnel-agent": {
          "version": "0.4.0",
          "from": "tunnel-agent@0.4.0"
        },
        "tough-cookie": {
          "version": "0.12.1",
          "from": "tough-cookie@0.12.1",
          "dependencies": {
            "punycode": {
              "version": "1.3.2",
              "from": "http://registry.npmjs.org/punycode/-/punycode-1.3.2.tgz",
              "resolved": "http://registry.npmjs.org/punycode/-/punycode-1.3.2.tgz"
            }
          }
        },
        "http-signature": {
          "version": "0.10.0",
          "from": "http-signature@0.10.0",
          "dependencies": {
            "assert-plus": {
              "version": "0.1.2",
              "from": "http://registry.npmjs.org/assert-plus/-/assert-plus-0.1.2.tgz",
              "resolved": "http://registry.npmjs.org/assert-plus/-/assert-plus-0.1.2.tgz"
            },
            "asn1": {
              "version": "0.1.11",
              "from": "http://registry.npmjs.org/asn1/-/asn1-0.1.11.tgz",
              "resolved": "http://registry.npmjs.org/asn1/-/asn1-0.1.11.tgz"
            },
            "ctype": {
              "version": "0.5.2",
              "from": "http://registry.npmjs.org/ctype/-/ctype-0.5.2.tgz",
              "resolved": "http://registry.npmjs.org/ctype/-/ctype-0.5.2.tgz"
            }
          }
        },
        "oauth-sign": {
          "version": "0.4.0",
          "from": "oauth-sign@0.4.0"
        },
        "hawk": {
          "version": "1.1.1",
          "from": "http://registry.npmjs.org/hawk/-/hawk-1.1.1.tgz",
          "resolved": "http://registry.npmjs.org/hawk/-/hawk-1.1.1.tgz",
          "dependencies": {
            "hoek": {
              "version": "0.9.1",
              "from": "hoek@0.9.1"
            },
            "boom": {
              "version": "0.4.2",
              "from": "boom@0.4.2"
            },
            "cryptiles": {
              "version": "0.2.2",
              "from": "cryptiles@0.2.2"
            },
            "sntp": {
              "version": "0.2.4",
              "from": "sntp@0.2.4"
            }
          }
        },
        "aws-sign2": {
          "version": "0.5.0",
          "from": "aws-sign2@0.5.0"
        },
        "stringstream": {
          "version": "0.0.4",
          "from": "stringstream@0.0.4"
        },
        "combined-stream": {
          "version": "0.0.5",
          "from": "combined-stream@0.0.5",
          "resolved": "http://registry.npmjs.org/combined-stream/-/combined-stream-0.0.5.tgz",
          "dependencies": {
            "delayed-stream": {
              "version": "0.0.5",
              "from": "http://registry.npmjs.org/delayed-stream/-/delayed-stream-0.0.5.tgz",
              "resolved": "http://registry.npmjs.org/delayed-stream/-/delayed-stream-0.0.5.tgz"
            }
          }
        }
      }
    }
  }
}
